
Microsoft Visual Studio Solution File, Format Version 12.00
# Visual Studio 15
VisualStudioVersion = 15.0.27004.2002
MinimumVisualStudioVersion = 10.0.40219.1
Project("{FAE04EC0-301F-11D3-BF4B-00C04F79EFBC}") = "ShamUniversity.web", "ShamUniversity.web\ShamUniversity.web.csproj", "{FD83690F-2DDC-478F-B97C-F74A07042B22}"
EndProject
Global
	GlobalSection(SolutionConfigurationPlatforms) = preSolution
		Debug|Any CPU = Debug|Any CPU
		Release|Any CPU = Release|Any CPU
	EndGlobalSection
	GlobalSection(ProjectConfigurationPlatforms) = postSolution
		{FD83690F-2DDC-478F-B97C-F74A07042B22}.Debug|Any CPU.ActiveCfg = Debug|Any CPU
		{FD83690F-2DDC-478F-B97C-F74A07042B22}.Debug|Any CPU.Build.0 = Debug|Any CPU
		{FD83690F-2DDC-478F-B97C-F74A07042B22}.Release|Any CPU.ActiveCfg = Release|Any CPU
		{FD83690F-2DDC-478F-B97C-F74A07042B22}.Release|Any CPU.Build.0 = Release|Any CPU
	EndGlobalSection
	GlobalSection(SolutionProperties) = preSolution
		HideSolutionNode = FALSE
	EndGlobalSection
	GlobalSection(ExtensibilityGlobals) = postSolution
		SolutionGuid = {7B81C33C-E869-4824-A9C6-F728C9344389}
	EndGlobalSection
EndGlobal
